PODS:
  - AFNetworking (4.0.1):
    - AFNetworking/NSURLSession (= 4.0.1)
    - AFNetworking/Reachability (= 4.0.1)
    - AFNetworking/Security (= 4.0.1)
    - AFNetworking/Serialization (= 4.0.1)
    - AFNetworking/UIKit (= 4.0.1)
  - AFNetworking/NSURLSession (4.0.1):
    - AFNetworking/Reachability
    - AFNetworking/Security
    - AFNetworking/Serialization
  - AFNetworking/Reachability (4.0.1)
  - AFNetworking/Security (4.0.1)
  - AFNetworking/Serialization (4.0.1)
  - AFNetworking/UIKit (4.0.1):
    - AFNetworking/NSURLSession
  - SnailCore (0.0.1):
    - AFNetworking (~> 4.0.0)

DEPENDENCIES:
  - SnailCore (from `../SnailCore`)

SPEC REPOS:
  trunk:
    - AFNetworking

EXTERNAL SOURCES:
  SnailCore:
    :path: "../SnailCore"

SPEC CHECKSUMS:
  AFNetworking: 7864c38297c79aaca1500c33288e429c3451fdce
  SnailCore: cc5a4b74952d62735393115551ea5029bcff74fc

PODFILE CHECKSUM: ed73ea920eadf6a3970dbfd5d8287fd102c04e68

COCOAPODS: 1.10.0
